
Microsoft Visual Studio Solution File, Format Version 12.00
# Visual Studio Version 17
VisualStudioVersion = 17.8.34322.80
MinimumVisualStudioVersion = 10.0.40219.1
Project("{FAE04EC0-301F-11D3-BF4B-00C04F79EFBC}") = "JasonC", "JasonC\JasonC.csproj", "{38147905-A7AD-48F1-B2C5-B5B88C22DF3D}"
EndProject
Global
	GlobalSection(SolutionConfigurationPlatforms) = preSolution
		Debug|Any CPU = Debug|Any CPU
		Release|Any CPU = Release|Any CPU
	EndGlobalSection
	GlobalSection(ProjectConfigurationPlatforms) = postSolution
		{38147905-A7AD-48F1-B2C5-B5B88C22DF3D}.Debug|Any CPU.ActiveCfg = Debug|Any CPU
		{38147905-A7AD-48F1-B2C5-B5B88C22DF3D}.Debug|Any CPU.Build.0 = Debug|Any CPU
		{38147905-A7AD-48F1-B2C5-B5B88C22DF3D}.Release|Any CPU.ActiveCfg = Release|Any CPU
		{38147905-A7AD-48F1-B2C5-B5B88C22DF3D}.Release|Any CPU.Build.0 = Release|Any CPU
	EndGlobalSection
	GlobalSection(SolutionProperties) = preSolution
		HideSolutionNode = FALSE
	EndGlobalSection
	GlobalSection(ExtensibilityGlobals) = postSolution
		SolutionGuid = {02310C70-F1CE-4E09-875E-E035D490F516}
	EndGlobalSection
EndGlobal
